// !$*UTF8*$!
{
	archiveVersion = 1;
	classes = {
	};
	objectVersion = 77;
	objects = {

/* Begin PBXBuildFile section */
		BA63F4852E3366D40060CA99 /* Factory in Frameworks */ = {isa = PBXBuildFile; productRef = BA63F4842E3366D40060CA99 /* Factory */; };
		BA63F4872E3366D40060CA99 /* FactoryKit in Frameworks */ = {isa = PBXBuildFile; productRef = BA63F4862E3366D40060CA99 /* FactoryKit */; };
		BA63F4892E3366D40060CA99 /* FactoryTesting in Frameworks */ = {isa = PBXBuildFile; productRef = BA63F4882E3366D40060CA99 /* FactoryTesting */; };
		BAB9F0712E165DF50081D5C2 /* MemberwiseInit in Frameworks */ = {isa = PBXBuildFile; productRef = BA08514D2E1654F400E7108A /* MemberwiseInit */; };
		BAB9F0722E165DF50081D5C2 /* MemberwiseInitClient in Frameworks */ = {isa = PBXBuildFile; productRef = BA08514F2E1654F400E7108A /* MemberwiseInitClient */; };
		BAB9F0732E165DF50081D5C2 /* MemberwiseInit in Frameworks */ = {isa = PBXBuildFile; productRef = BA0851492E1654E500E7108A /* MemberwiseInit */; };
/* End PBXBuildFile section */

/* Begin PBXContainerItemProxy section */
		BA9985192E1257DC00009FDD /* PBXContainerItemProxy */ = {
			isa = PBXContainerItemProxy;
			containerPortal = BA9985032E1257D800009FDD /* Project object */;
			proxyType = 1;
			remoteGlobalIDString = BA99850A2E1257D800009FDD;
			remoteInfo = CoCo;
		};
		BA9985232E1257DC00009FDD /* PBXContainerItemProxy */ = {
			isa = PBXContainerItemProxy;
			containerPortal = BA9985032E1257D800009FDD /* Project object */;
			proxyType = 1;
			remoteGlobalIDString = BA99850A2E1257D800009FDD;
			remoteInfo = CoCo;
		};
/* End PBXContainerItemProxy section */

/* Begin PBXFileReference section */
		BA99850B2E1257D800009FDD /* CoCo.app */ = {isa = PBXFileReference; explicitFileType = wrapper.application; includeInIndex = 0; path = CoCo.app; sourceTree = BUILT_PRODUCTS_DIR; };
		BA9985182E1257DC00009FDD /* CoCoTests.xctest */ = {isa = PBXFileReference; explicitFileType = wrapper.cfbundle; includeInIndex = 0; path = CoCoTests.xctest; sourceTree = BUILT_PRODUCTS_DIR; };
		BA9985222E1257DC00009FDD /* CoCoUITests.xctest */ = {isa = PBXFileReference; explicitFileType = wrapper.cfbundle; includeInIndex = 0; path = CoCoUITests.xctest; sourceTree = BUILT_PRODUCTS_DIR; };
/* End PBXFileReference section */

/* Begin PBXFileSystemSynchronizedRootGroup section */
		BA99850D2E1257D800009FDD /* CoCo */ = {
			isa = PBXFileSystemSynchronizedRootGroup;
			path = CoCo;
			sourceTree = "<group>";
		};
		BA99851B2E1257DC00009FDD /* CoCoTests */ = {
			isa = PBXFileSystemSynchronizedRootGroup;
			path = CoCoTests;
			sourceTree = "<group>";
		};
		BA9985252E1257DC00009FDD /* CoCoUITests */ = {
			isa = PBXFileSystemSynchronizedRootGroup;
			path = CoCoUITests;
			sourceTree = "<group>";
		};
		BADF80BD2E31D0D20054D890 /* Resources */ = {
			isa = PBXFileSystemSynchronizedRootGroup;
			path = Resources;
			sourceTree = "<group>";
		};
/* End PBXFileSystemSynchronizedRootGroup section */

/* Begin PBXFrameworksBuildPhase section */
		BA9985082E1257D800009FDD /* Frameworks */ = {
			isa = PBXFrameworksBuildPhase;
			buildActionMask = 2147483647;
			files = (
				BAB9F0722E165DF50081D5C2 /* MemberwiseInitClient in Frameworks */,
				BAB9F0712E165DF50081D5C2 /* MemberwiseInit in Frameworks */,
			);
			runOnlyForDeploymentPostprocessing = 0;
		};
		BA9985152E1257DC00009FDD /* Frameworks */ = {
			isa = PBXFrameworksBuildPhase;
			buildActionMask = 2147483647;
			files = (
				BA63F4892E3366D40060CA99 /* FactoryTesting in Frameworks */,
				BA63F4872E3366D40060CA99 /* FactoryKit in Frameworks */,
				BAB9F0732E165DF50081D5C2 /* MemberwiseInit in Frameworks */,
				BA63F4852E3366D40060CA99 /* Factory in Frameworks */,
			);
			runOnlyForDeploymentPostprocessing = 0;
		};
		BA99851F2E1257DC00009FDD /* Frameworks */ = {
			isa = PBXFrameworksBuildPhase;
			buildActionMask = 2147483647;
			files = (
			);
			runOnlyForDeploymentPostprocessing = 0;
		};
/* End PBXFrameworksBuildPhase section */

/* Begin PBXGroup section */
		BA0851432E16513000E7108A /* Frameworks */ = {
			isa = PBXGroup;
			children = (
			);
			name = Frameworks;
			sourceTree = "<group>";
		};
		BA9985022E1257D800009FDD = {
			isa = PBXGroup;
			children = (
				BA99850D2E1257D800009FDD /* CoCo */,
				BA99851B2E1257DC00009FDD /* CoCoTests */,
				BA9985252E1257DC00009FDD /* CoCoUITests */,
				BADF80BD2E31D0D20054D890 /* Resources */,
				BA0851432E16513000E7108A /* Frameworks */,
				BA99850C2E1257D800009FDD /* Products */,
			);
			sourceTree = "<group>";
		};
		BA99850C2E1257D800009FDD /* Products */ = {
			isa = PBXGroup;
			children = (
				BA99850B2E1257D800009FDD /* CoCo.app */,
				BA9985182E1257DC00009FDD /* CoCoTests.xctest */,
				BA9985222E1257DC00009FDD /* CoCoUITests.xctest */,
			);
			name = Products;
			sourceTree = "<group>";
		};
/* End PBXGroup section */

/* Begin PBXNativeTarget section */
		BA99850A2E1257D800009FDD /* CoCo */ = {
			isa = PBXNativeTarget;
			buildConfigurationList = BA99852C2E1257DC00009FDD /* Build configuration list for PBXNativeTarget "CoCo" */;
			buildPhases = (
				BA9985072E1257D800009FDD /* Sources */,
				BA9985082E1257D800009FDD /* Frameworks */,
				BA9985092E1257D800009FDD /* Resources */,
			);
			buildRules = (
			);
			dependencies = (
			);
			fileSystemSynchronizedGroups = (
				BA99850D2E1257D800009FDD /* CoCo */,
				BADF80BD2E31D0D20054D890 /* Resources */,
			);
			name = CoCo;
			packageProductDependencies = (
				BA08514D2E1654F400E7108A /* MemberwiseInit */,
				BA08514F2E1654F400E7108A /* MemberwiseInitClient */,
			);
			productName = CoCo;
			productReference = BA99850B2E1257D800009FDD /* CoCo.app */;
			productType = "com.apple.product-type.application";
		};
		BA9985172E1257DC00009FDD /* CoCoTests */ = {
			isa = PBXNativeTarget;
			buildConfigurationList = BA99852F2E1257DC00009FDD /* Build configuration list for PBXNativeTarget "CoCoTests" */;
			buildPhases = (
				BA9985142E1257DC00009FDD /* Sources */,
				BA9985152E1257DC00009FDD /* Frameworks */,
				BA9985162E1257DC00009FDD /* Resources */,
			);
			buildRules = (
			);
			dependencies = (
				BA99851A2E1257DC00009FDD /* PBXTargetDependency */,
			);
			fileSystemSynchronizedGroups = (
				BA99851B2E1257DC00009FDD /* CoCoTests */,
			);
			name = CoCoTests;
			packageProductDependencies = (
				BA0851492E1654E500E7108A /* MemberwiseInit */,
				BA63F4842E3366D40060CA99 /* Factory */,
				BA63F4862E3366D40060CA99 /* FactoryKit */,
				BA63F4882E3366D40060CA99 /* FactoryTesting */,
			);
			productName = CoCoTests;
			productReference = BA9985182E1257DC00009FDD /* CoCoTests.xctest */;
			productType = "com.apple.product-type.bundle.unit-test";
		};
		BA9985212E1257DC00009FDD /* CoCoUITests */ = {
			isa = PBXNativeTarget;
			buildConfigurationList = BA9985322E1257DC00009FDD /* Build configuration list for PBXNativeTarget "CoCoUITests" */;
			buildPhases = (
				BA99851E2E1257DC00009FDD /* Sources */,
				BA99851F2E1257DC00009FDD /* Frameworks */,
				BA9985202E1257DC00009FDD /* Resources */,
			);
			buildRules = (
			);
			dependencies = (
				BA9985242E1257DC00009FDD /* PBXTargetDependency */,
			);
			fileSystemSynchronizedGroups = (
				BA9985252E1257DC00009FDD /* CoCoUITests */,
			);
			name = CoCoUITests;
			packageProductDependencies = (
			);
			productName = CoCoUITests;
			productReference = BA9985222E1257DC00009FDD /* CoCoUITests.xctest */;
			productType = "com.apple.product-type.bundle.ui-testing";
		};
/* End PBXNativeTarget section */

/* Begin PBXProject section */
		BA9985032E1257D800009FDD /* Project object */ = {
			isa = PBXProject;
			attributes = {
				BuildIndependentTargetsInParallel = 1;
				LastSwiftUpdateCheck = 1640;
				LastUpgradeCheck = 1640;
				TargetAttributes = {
					BA99850A2E1257D800009FDD = {
						CreatedOnToolsVersion = 16.4;
					};
					BA9985172E1257DC00009FDD = {
						CreatedOnToolsVersion = 16.4;
						TestTargetID = BA99850A2E1257D800009FDD;
					};
					BA9985212E1257DC00009FDD = {
						CreatedOnToolsVersion = 16.4;
						TestTargetID = BA99850A2E1257D800009FDD;
					};
				};
			};
			buildConfigurationList = BA9985062E1257D800009FDD /* Build configuration list for PBXProject "CoCo" */;
			developmentRegion = en;
			hasScannedForEncodings = 0;
			knownRegions = (
				en,
				Base,
			);
			mainGroup = BA9985022E1257D800009FDD;
			minimizedProjectReferenceProxies = 1;
			packageReferences = (
				BA0851482E1654E500E7108A /* XCRemoteSwiftPackageReference "swift-memberwise-init-macro" */,
				BAF694522E19557500A0E588 /* XCRemoteSwiftPackageReference "firebase-ios-sdk" */,
				BAF694532E195B0700A0E588 /* XCRemoteSwiftPackageReference "geofire-objc" */,
				BA63F4782E3352D70060CA99 /* XCRemoteSwiftPackageReference "Factory" */,
			);
			preferredProjectObjectVersion = 77;
			productRefGroup = BA99850C2E1257D800009FDD /* Products */;
			projectDirPath = "";
			projectRoot = "";
			targets = (
				BA99850A2E1257D800009FDD /* CoCo */,
				BA9985172E1257DC00009FDD /* CoCoTests */,
				BA9985212E1257DC00009FDD /* CoCoUITests */,
			);
		};
/* End PBXProject section */

/* Begin PBXResourcesBuildPhase section */
		BA9985092E1257D800009FDD /* Resources */ = {
			isa = PBXResourcesBuildPhase;
			buildActionMask = 2147483647;
			files = (
			);
			runOnlyForDeploymentPostprocessing = 0;
		};
		BA9985162E1257DC00009FDD /* Resources */ = {
			isa = PBXResourcesBuildPhase;
			buildActionMask = 2147483647;
			files = (
			);
			runOnlyForDeploymentPostprocessing = 0;
		};
		BA9985202E1257DC00009FDD /* Resources */ = {
			isa = PBXResourcesBuildPhase;
			buildActionMask = 2147483647;
			files = (
			);
			runOnlyForDeploymentPostprocessing = 0;
		};
/* End PBXResourcesBuildPhase section */

/* Begin PBXSourcesBuildPhase section */
		BA9985072E1257D800009FDD /* Sources */ = {
			isa = PBXSourcesBuildPhase;
			buildActionMask = 2147483647;
			files = (
			);
			runOnlyForDeploymentPostprocessing = 0;
		};
		BA9985142E1257DC00009FDD /* Sources */ = {
			isa = PBXSourcesBuildPhase;
			buildActionMask = 2147483647;
			files = (
			);
			runOnlyForDeploymentPostprocessing = 0;
		};
		BA99851E2E1257DC00009FDD /* Sources */ = {
			isa = PBXSourcesBuildPhase;
			buildActionMask = 2147483647;
			files = (
			);
			runOnlyForDeploymentPostprocessing = 0;
		};
/* End PBXSourcesBuildPhase section */

/* Begin PBXTargetDependency section */
		BA99851A2E1257DC00009FDD /* PBXTargetDependency */ = {
			isa = PBXTargetDependency;
			target = BA99850A2E1257D800009FDD /* CoCo */;
			targetProxy = BA9985192E1257DC00009FDD /* PBXContainerItemProxy */;
		};
		BA9985242E1257DC00009FDD /* PBXTargetDependency */ = {
			isa = PBXTargetDependency;
			target = BA99850A2E1257D800009FDD /* CoCo */;
			targetProxy = BA9985232E1257DC00009FDD /* PBXContainerItemProxy */;
		};
/* End PBXTargetDependency section */

/* Begin XCBuildConfiguration section */
		BA99852A2E1257DC00009FDD /* Debug */ = {
			isa = XCBuildConfiguration;
			buildSettings = {
				ALWAYS_SEARCH_USER_PATHS = NO;
				ASSETCATALOG_COMPILER_GENERATE_SWIFT_ASSET_SYMBOL_EXTENSIONS = YES;
				CLANG_ANALYZER_NONNULL = YES;
				CLANG_ANALYZER_NUMBER_OBJECT_CONVERSION = YES_AGGRESSIVE;
				CLANG_CXX_LANGUAGE_STANDARD = "gnu++20";
				CLANG_ENABLE_MODULES = YES;
				CLANG_ENABLE_OBJC_ARC = YES;
				CLANG_ENABLE_OBJC_WEAK = YES;
				CLANG_WARN_BLOCK_CAPTURE_AUTORELEASING = YES;
				CLANG_WARN_BOOL_CONVERSION = YES;
				CLANG_WARN_COMMA = YES;
				CLANG_WARN_CONSTANT_CONVERSION = YES;
				CLANG_WARN_DEPRECATED_OBJC_IMPLEMENTATIONS = YES;
				CLANG_WARN_DIRECT_OBJC_ISA_USAGE = YES_ERROR;
				CLANG_WARN_DOCUMENTATION_COMMENTS = YES;
				CLANG_WARN_EMPTY_BODY = YES;
				CLANG_WARN_ENUM_CONVERSION = YES;
				CLANG_WARN_INFINITE_RECURSION = YES;
				CLANG_WARN_INT_CONVERSION = YES;
				CLANG_WARN_NON_LITERAL_NULL_CONVERSION = YES;
				CLANG_WARN_OBJC_IMPLICIT_RETAIN_SELF = YES;
				CLANG_WARN_OBJC_LITERAL_CONVERSION = YES;
				CLANG_WARN_OBJC_ROOT_CLASS = YES_ERROR;
				CLANG_WARN_QUOTED_INCLUDE_IN_FRAMEWORK_HEADER = YES;
				CLANG_WARN_RANGE_LOOP_ANALYSIS = YES;
				CLANG_WARN_STRICT_PROTOTYPES = YES;
				CLANG_WARN_SUSPICIOUS_MOVE = YES;
				CLANG_WARN_UNGUARDED_AVAILABILITY = YES_AGGRESSIVE;
				CLANG_WARN_UNREACHABLE_CODE = YES;
				CLANG_WARN__DUPLICATE_METHOD_MATCH = YES;
				COPY_PHASE_STRIP = NO;
				DEBUG_INFORMATION_FORMAT = dwarf;
				DEVELOPMENT_TEAM = YAG3J28RRL;
				ENABLE_STRICT_OBJC_MSGSEND = YES;
				ENABLE_TESTABILITY = YES;
				ENABLE_USER_SCRIPT_SANDBOXING = YES;
				GCC_C_LANGUAGE_STANDARD = gnu17;
				GCC_DYNAMIC_NO_PIC = NO;
				GCC_NO_COMMON_BLOCKS = YES;
				GCC_OPTIMIZATION_LEVEL = 0;
				GCC_PREPROCESSOR_DEFINITIONS = (
					"DEBUG=1",
					"$(inherited)",
				);
				GCC_WARN_64_TO_32_BIT_CONVERSION = YES;
				GCC_WARN_ABOUT_RETURN_TYPE = YES_ERROR;
				GCC_WARN_UNDECLARED_SELECTOR = YES;
				GCC_WARN_UNINITIALIZED_AUTOS = YES_AGGRESSIVE;
				GCC_WARN_UNUSED_FUNCTION = YES;
				GCC_WARN_UNUSED_VARIABLE = YES;
				IPHONEOS_DEPLOYMENT_TARGET = 18.5;
				LOCALIZATION_PREFERS_STRING_CATALOGS = YES;
				MTL_ENABLE_DEBUG_INFO = INCLUDE_SOURCE;
				MTL_FAST_MATH = YES;
				ONLY_ACTIVE_ARCH = YES;
				SDKROOT = iphoneos;
				SWIFT_ACTIVE_COMPILATION_CONDITIONS = "DEBUG $(inherited)";
				SWIFT_OPTIMIZATION_LEVEL = "-Onone";
			};
			name = Debug;
		};
		BA99852B2E1257DC00009FDD /* Release */ = {
			isa = XCBuildConfiguration;
			buildSettings = {
				ALWAYS_SEARCH_USER_PATHS = NO;
				ASSETCATALOG_COMPILER_GENERATE_SWIFT_ASSET_SYMBOL_EXTENSIONS = YES;
				CLANG_ANALYZER_NONNULL = YES;
				CLANG_ANALYZER_NUMBER_OBJECT_CONVERSION = YES_AGGRESSIVE;
				CLANG_CXX_LANGUAGE_STANDARD = "gnu++20";
				CLANG_ENABLE_MODULES = YES;
				CLANG_ENABLE_OBJC_ARC = YES;
				CLANG_ENABLE_OBJC_WEAK = YES;
				CLANG_WARN_BLOCK_CAPTURE_AUTORELEASING = YES;
				CLANG_WARN_BOOL_CONVERSION = YES;
				CLANG_WARN_COMMA = YES;
				CLANG_WARN_CONSTANT_CONVERSION = YES;
				CLANG_WARN_DEPRECATED_OBJC_IMPLEMENTATIONS = YES;
				CLANG_WARN_DIRECT_OBJC_ISA_USAGE = YES_ERROR;
				CLANG_WARN_DOCUMENTATION_COMMENTS = YES;
				CLANG_WARN_EMPTY_BODY = YES;
				CLANG_WARN_ENUM_CONVERSION = YES;
				CLANG_WARN_INFINITE_RECURSION = YES;
				CLANG_WARN_INT_CONVERSION = YES;
				CLANG_WARN_NON_LITERAL_NULL_CONVERSION = YES;
				CLANG_WARN_OBJC_IMPLICIT_RETAIN_SELF = YES;
				CLANG_WARN_OBJC_LITERAL_CONVERSION = YES;
				CLANG_WARN_OBJC_ROOT_CLASS = YES_ERROR;
				CLANG_WARN_QUOTED_INCLUDE_IN_FRAMEWORK_HEADER = YES;
				CLANG_WARN_RANGE_LOOP_ANALYSIS = YES;
				CLANG_WARN_STRICT_PROTOTYPES = YES;
				CLANG_WARN_SUSPICIOUS_MOVE = YES;
				CLANG_WARN_UNGUARDED_AVAILABILITY = YES_AGGRESSIVE;
				CLANG_WARN_UNREACHABLE_CODE = YES;
				CLANG_WARN__DUPLICATE_METHOD_MATCH = YES;
				COPY_PHASE_STRIP = NO;
				DEBUG_INFORMATION_FORMAT = "dwarf-with-dsym";
				DEVELOPMENT_TEAM = YAG3J28RRL;
				ENABLE_NS_ASSERTIONS = NO;
				ENABLE_STRICT_OBJC_MSGSEND = YES;
				ENABLE_USER_SCRIPT_SANDBOXING = YES;
				GCC_C_LANGUAGE_STANDARD = gnu17;
				GCC_NO_COMMON_BLOCKS = YES;
				GCC_WARN_64_TO_32_BIT_CONVERSION = YES;
				GCC_WARN_ABOUT_RETURN_TYPE = YES_ERROR;
				GCC_WARN_UNDECLARED_SELECTOR = YES;
				GCC_WARN_UNINITIALIZED_AUTOS = YES_AGGRESSIVE;
				GCC_WARN_UNUSED_FUNCTION = YES;
				GCC_WARN_UNUSED_VARIABLE = YES;
				IPHONEOS_DEPLOYMENT_TARGET = 18.5;
				LOCALIZATION_PREFERS_STRING_CATALOGS = YES;
				MTL_ENABLE_DEBUG_INFO = NO;
				MTL_FAST_MATH = YES;
				SDKROOT = iphoneos;
				SWIFT_COMPILATION_MODE = wholemodule;
				VALIDATE_PRODUCT = YES;
			};
			name = Release;
		};
		BA99852D2E1257DC00009FDD /* Debug */ = {
			isa = XCBuildConfiguration;
			buildSettings = {
				ASSETCATALOG_COMPILER_APPICON_NAME = AppIcon;
				ASSETCATALOG_COMPILER_GLOBAL_ACCENT_COLOR_NAME = AccentColor;
				CODE_SIGN_STYLE = Automatic;
				CURRENT_PROJECT_VERSION = 1;
				DEVELOPMENT_TEAM = YAG3J28RRL;
				ENABLE_PREVIEWS = YES;
				GENERATE_INFOPLIST_FILE = YES;
				INFOPLIST_KEY_UIApplicationSceneManifest_Generation = YES;
				INFOPLIST_KEY_UIApplicationSupportsIndirectInputEvents = YES;
				INFOPLIST_KEY_UILaunchScreen_Generation = YES;
				INFOPLIST_KEY_UISupportedInterfaceOrientations_iPad = "UIInterfaceOrientationPortrait UIInterfaceOrientationPortraitUpsideDown UIInterfaceOrientationLandscapeLeft UIInterfaceOrientationLandscapeRight";
				INFOPLIST_KEY_UISupportedInterfaceOrientations_iPhone = "UIInterfaceOrientationPortrait UIInterfaceOrientationLandscapeLeft UIInterfaceOrientationLandscapeRight";
				LD_RUNPATH_SEARCH_PATHS = (
					"$(inherited)",
					"@executable_path/Frameworks",
				);
				MARKETING_VERSION = 1.0;
				PRODUCT_BUNDLE_IDENTIFIER = "io.o-henry.CoCo";
				PRODUCT_NAME = "$(TARGET_NAME)";
				SUPPORTED_PLATFORMS = "iphoneos iphonesimulator";
				SUPPORTS_MACCATALYST = NO;
				SUPPORTS_MAC_DESIGNED_FOR_IPHONE_IPAD = NO;
				SUPPORTS_XR_DESIGNED_FOR_IPHONE_IPAD = NO;
				SWIFT_EMIT_LOC_STRINGS = YES;
				SWIFT_VERSION = 5.0;
				TARGETED_DEVICE_FAMILY = 1;
			};
			name = Debug;
		};
		BA99852E2E1257DC00009FDD /* Release */ = {
			isa = XCBuildConfiguration;
			buildSettings = {
				ASSETCATALOG_COMPILER_APPICON_NAME = AppIcon;
				ASSETCATALOG_COMPILER_GLOBAL_ACCENT_COLOR_NAME = AccentColor;
				CODE_SIGN_STYLE = Automatic;
				CURRENT_PROJECT_VERSION = 1;
				DEVELOPMENT_TEAM = YAG3J28RRL;
				ENABLE_PREVIEWS = YES;
				GENERATE_INFOPLIST_FILE = YES;
				INFOPLIST_KEY_UIApplicationSceneManifest_Generation = YES;
				INFOPLIST_KEY_UIApplicationSupportsIndirectInputEvents = YES;
				INFOPLIST_KEY_UILaunchScreen_Generation = YES;
				INFOPLIST_KEY_UISupportedInterfaceOrientations_iPad = "UIInterfaceOrientationPortrait UIInterfaceOrientationPortraitUpsideDown UIInterfaceOrientationLandscapeLeft UIInterfaceOrientationLandscapeRight";
				INFOPLIST_KEY_UISupportedInterfaceOrientations_iPhone = "UIInterfaceOrientationPortrait UIInterfaceOrientationLandscapeLeft UIInterfaceOrientationLandscapeRight";
				LD_RUNPATH_SEARCH_PATHS = (
					"$(inherited)",
					"@executable_path/Frameworks",
				);
				MARKETING_VERSION = 1.0;
				PRODUCT_BUNDLE_IDENTIFIER = "io.o-henry.CoCo";
				PRODUCT_NAME = "$(TARGET_NAME)";
				SUPPORTED_PLATFORMS = "iphoneos iphonesimulator";
				SUPPORTS_MACCATALYST = NO;
				SUPPORTS_MAC_DESIGNED_FOR_IPHONE_IPAD = NO;
				SUPPORTS_XR_DESIGNED_FOR_IPHONE_IPAD = NO;
				SWIFT_EMIT_LOC_STRINGS = YES;
				SWIFT_VERSION = 5.0;
				TARGETED_DEVICE_FAMILY = 1;
			};
			name = Release;
		};
		BA9985302E1257DC00009FDD /* Debug */ = {
			isa = XCBuildConfiguration;
			buildSettings = {
				BUNDLE_LOADER = "$(TEST_HOST)";
				CODE_SIGN_STYLE = Automatic;
				CURRENT_PROJECT_VERSION = 1;
				DEVELOPMENT_TEAM = YAG3J28RRL;
				GENERATE_INFOPLIST_FILE = YES;
				IPHONEOS_DEPLOYMENT_TARGET = 18.5;
				MARKETING_VERSION = 1.0;
				PRODUCT_BUNDLE_IDENTIFIER = "io.o-henry.CoCoTests";
				PRODUCT_NAME = "$(TARGET_NAME)";
				SUPPORTED_PLATFORMS = "iphoneos iphonesimulator";
				SUPPORTS_MACCATALYST = NO;
				SUPPORTS_MAC_DESIGNED_FOR_IPHONE_IPAD = NO;
				SUPPORTS_XR_DESIGNED_FOR_IPHONE_IPAD = NO;
				SWIFT_EMIT_LOC_STRINGS = NO;
				SWIFT_VERSION = 5.0;
				TARGETED_DEVICE_FAMILY = 1;
				TEST_HOST = "$(BUILT_PRODUCTS_DIR)/CoCo.app/$(BUNDLE_EXECUTABLE_FOLDER_PATH)/CoCo";
			};
			name = Debug;
		};
		BA9985312E1257DC00009FDD /* Release */ = {
			isa = XCBuildConfiguration;
			buildSettings = {
				BUNDLE_LOADER = "$(TEST_HOST)";
				CODE_SIGN_STYLE = Automatic;
				CURRENT_PROJECT_VERSION = 1;
				DEVELOPMENT_TEAM = YAG3J28RRL;
				GENERATE_INFOPLIST_FILE = YES;
				IPHONEOS_DEPLOYMENT_TARGET = 18.5;
				MARKETING_VERSION = 1.0;
				PRODUCT_BUNDLE_IDENTIFIER = "io.o-henry.CoCoTests";
				PRODUCT_NAME = "$(TARGET_NAME)";
				SUPPORTED_PLATFORMS = "iphoneos iphonesimulator";
				SUPPORTS_MACCATALYST = NO;
				SUPPORTS_MAC_DESIGNED_FOR_IPHONE_IPAD = NO;
				SUPPORTS_XR_DESIGNED_FOR_IPHONE_IPAD = NO;
				SWIFT_EMIT_LOC_STRINGS = NO;
				SWIFT_VERSION = 5.0;
				TARGETED_DEVICE_FAMILY = 1;
				TEST_HOST = "$(BUILT_PRODUCTS_DIR)/CoCo.app/$(BUNDLE_EXECUTABLE_FOLDER_PATH)/CoCo";
			};
			name = Release;
		};
		BA9985332E1257DC00009FDD /* Debug */ = {
			isa = XCBuildConfiguration;
			buildSettings = {
				CODE_SIGN_STYLE = Automatic;
				CURRENT_PROJECT_VERSION = 1;
				DEVELOPMENT_TEAM = YAG3J28RRL;
				GENERATE_INFOPLIST_FILE = YES;
				MARKETING_VERSION = 1.0;
				PRODUCT_BUNDLE_IDENTIFIER = "io.o-henry.CoCoUITests";
				PRODUCT_NAME = "$(TARGET_NAME)";
				SUPPORTED_PLATFORMS = "iphoneos iphonesimulator";
				SUPPORTS_MACCATALYST = NO;
				SUPPORTS_MAC_DESIGNED_FOR_IPHONE_IPAD = NO;
				SUPPORTS_XR_DESIGNED_FOR_IPHONE_IPAD = NO;
				SWIFT_EMIT_LOC_STRINGS = NO;
				SWIFT_VERSION = 5.0;
				TARGETED_DEVICE_FAMILY = 1;
				TEST_TARGET_NAME = CoCo;
			};
			name = Debug;
		};
		BA9985342E1257DC00009FDD /* Release */ = {
			isa = XCBuildConfiguration;
			buildSettings = {
				CODE_SIGN_STYLE = Automatic;
				CURRENT_PROJECT_VERSION = 1;
				DEVELOPMENT_TEAM = YAG3J28RRL;
				GENERATE_INFOPLIST_FILE = YES;
				MARKETING_VERSION = 1.0;
				PRODUCT_BUNDLE_IDENTIFIER = "io.o-henry.CoCoUITests";
				PRODUCT_NAME = "$(TARGET_NAME)";
				SUPPORTED_PLATFORMS = "iphoneos iphonesimulator";
				SUPPORTS_MACCATALYST = NO;
				SUPPORTS_MAC_DESIGNED_FOR_IPHONE_IPAD = NO;
				SUPPORTS_XR_DESIGNED_FOR_IPHONE_IPAD = NO;
				SWIFT_EMIT_LOC_STRINGS = NO;
				SWIFT_VERSION = 5.0;
				TARGETED_DEVICE_FAMILY = 1;
				TEST_TARGET_NAME = CoCo;
			};
			name = Release;
		};
/* End XCBuildConfiguration section */

/* Begin XCConfigurationList section */
		BA9985062E1257D800009FDD /* Build configuration list for PBXProject "CoCo" */ = {
			isa = XCConfigurationList;
			buildConfigurations = (
				BA99852A2E1257DC00009FDD /* Debug */,
				BA99852B2E1257DC00009FDD /* Release */,
			);
			defaultConfigurationIsVisible = 0;
			defaultConfigurationName = Release;
		};
		BA99852C2E1257DC00009FDD /* Build configuration list for PBXNativeTarget "CoCo" */ = {
			isa = XCConfigurationList;
			buildConfigurations = (
				BA99852D2E1257DC00009FDD /* Debug */,
				BA99852E2E1257DC00009FDD /* Release */,
			);
			defaultConfigurationIsVisible = 0;
			defaultConfigurationName = Release;
		};
		BA99852F2E1257DC00009FDD /* Build configuration list for PBXNativeTarget "CoCoTests" */ = {
			isa = XCConfigurationList;
			buildConfigurations = (
				BA9985302E1257DC00009FDD /* Debug */,
				BA9985312E1257DC00009FDD /* Release */,
			);
			defaultConfigurationIsVisible = 0;
			defaultConfigurationName = Release;
		};
		BA9985322E1257DC00009FDD /* Build configuration list for PBXNativeTarget "CoCoUITests" */ = {
			isa = XCConfigurationList;
			buildConfigurations = (
				BA9985332E1257DC00009FDD /* Debug */,
				BA9985342E1257DC00009FDD /* Release */,
			);
			defaultConfigurationIsVisible = 0;
			defaultConfigurationName = Release;
		};
/* End XCConfigurationList section */

/* Begin XCRemoteSwiftPackageReference section */
		BA0851482E1654E500E7108A /* XCRemoteSwiftPackageReference "swift-memberwise-init-macro" */ = {
			isa = XCRemoteSwiftPackageReference;
			repositoryURL = "https://github.com/gohanlon/swift-memberwise-init-macro";
			requirement = {
				kind = upToNextMajorVersion;
				minimumVersion = 0.5.2;
			};
		};
		BA63F4782E3352D70060CA99 /* XCRemoteSwiftPackageReference "Factory" */ = {
			isa = XCRemoteSwiftPackageReference;
			repositoryURL = "https://github.com/hmlongco/Factory.git";
			requirement = {
				kind = upToNextMajorVersion;
				minimumVersion = 2.5.3;
			};
		};
		BAF694522E19557500A0E588 /* XCRemoteSwiftPackageReference "firebase-ios-sdk" */ = {
			isa = XCRemoteSwiftPackageReference;
			repositoryURL = "https://github.com/firebase/firebase-ios-sdk";
			requirement = {
				kind = upToNextMajorVersion;
				minimumVersion = 11.15.0;
			};
		};
		BAF694532E195B0700A0E588 /* XCRemoteSwiftPackageReference "geofire-objc" */ = {
			isa = XCRemoteSwiftPackageReference;
			repositoryURL = "https://github.com/firebase/geofire-objc.git";
			requirement = {
				branch = master;
				kind = branch;
			};
		};
/* End XCRemoteSwiftPackageReference section */

/* Begin XCSwiftPackageProductDependency section */
		BA0851492E1654E500E7108A /* MemberwiseInit */ = {
			isa = XCSwiftPackageProductDependency;
			package = BA0851482E1654E500E7108A /* XCRemoteSwiftPackageReference "swift-memberwise-init-macro" */;
			productName = MemberwiseInit;
		};
		BA08514D2E1654F400E7108A /* MemberwiseInit */ = {
			isa = XCSwiftPackageProductDependency;
			package = BA0851482E1654E500E7108A /* XCRemoteSwiftPackageReference "swift-memberwise-init-macro" */;
			productName = MemberwiseInit;
		};
		BA08514F2E1654F400E7108A /* MemberwiseInitClient */ = {
			isa = XCSwiftPackageProductDependency;
			package = BA0851482E1654E500E7108A /* XCRemoteSwiftPackageReference "swift-memberwise-init-macro" */;
			productName = MemberwiseInitClient;
		};
		BA63F4842E3366D40060CA99 /* Factory */ = {
			isa = XCSwiftPackageProductDependency;
			package = BA63F4782E3352D70060CA99 /* XCRemoteSwiftPackageReference "Factory" */;
			productName = Factory;
		};
		BA63F4862E3366D40060CA99 /* FactoryKit */ = {
			isa = XCSwiftPackageProductDependency;
			package = BA63F4782E3352D70060CA99 /* XCRemoteSwiftPackageReference "Factory" */;
			productName = FactoryKit;
		};
		BA63F4882E3366D40060CA99 /* FactoryTesting */ = {
			isa = XCSwiftPackageProductDependency;
			package = BA63F4782E3352D70060CA99 /* XCRemoteSwiftPackageReference "Factory" */;
			productName = FactoryTesting;
		};
/* End XCSwiftPackageProductDependency section */
	};
	rootObject = BA9985032E1257D800009FDD /* Project object */;
}
